{
  "evaluator.metric": {
    "version": "1.0.0",
    "sha256": "3e22249a51b6ea0190bb0256482559b1c8dd9af41ec0a4f9e1f21541594613b7"
  },
  "evaluator.repo": {
    "version": "1.0.0",
    "sha256": "a1f543e3300c6e7509c571d3c3b86b2b56360e4873ceee2c785f1cb7700dbd68"
  },
  "evaluator.system": {
    "version": "1.1.0",
    "sha256": "bf0e495fbafe8badc6b7804e90a000b0dcbfd8e41fcd39758a67c21c6e21cf1c"
  },
  "skeptic.finding": {
    "version": "1.0.0",
    "sha256": "c912b0593f174f0d8be4ca1b47053667875b5c5e3c708821121b8d787213c18b"
  },
  "skeptic.system": {
    "version": "1.1.0",
    "sha256": "db70c4de52ab8e6ac81ec9116e16e5d3f3e5543c7c13b225133d79980fa7a602"
  },
  "synth.input": {
    "version": "1.0.0",
    "sha256": "966a30b8de14ae081a8db5bd0a7b872b7cfa6a997287a711917317e51afc46d6"
  },
  "synth.narrative": {
    "version": "1.0.0",
    "sha256": "f411c824aaf7f2c35d38810e8ae521db8c5888a25b404ebf30711974dd9c15be"
  },
  "verifier.absence": {
    "version": "1.1.0",
    "sha256": "cd67d451c988f0abbe6c9bf0c10bcb75adb890847b78cf2770ba410f607568e3"
  },
  "verifier.entailment": {
    "version": "1.1.0",
    "sha256": "ab60c4bf8eb7f0cb08bb5e58399037031f0939984c37c13628d4fbb2906848f9"
  },
  "verifier.findings": {
    "version": "1.0.0",
    "sha256": "2435cc3d08ba28fff875c4bf1dcfbf02bd555495e710e1fee7927d7d2e4f6a16"
  },
  "verifier.probe_hits": {
    "version": "1.0.0",
    "sha256": "3e7dda1180b4aefed60291453dc4d9bb3c77500f23c848b19f7715849f8a7f57"
  }
}
